// !$*UTF8*$!
{
	archiveVersion = 1;
	classes = {
	};
	objectVersion = 55;
	objects = {

/* Begin PBXBuildFile section */
		1C3786A7F669C170D4FFA5CE /* Pods_AgoraScene_iOS.framework in Frameworks */ = {isa = PBXBuildFile; fileRef = E7FDA5B4BD12E652325A52AB /* Pods_AgoraScene_iOS.framework */; };
		E36BE0E228C5E74500270D52 /* AgoraSceneConfig.swift in Sources */ = {isa = PBXBuildFile; fileRef = E36BE0E128C5E74500270D52 /* AgoraSceneConfig.swift */; };
		E36BE0FE28C5ECD500270D52 /* UIButtonLayoutExtension.swift in Sources */ = {isa = PBXBuildFile; fileRef = E36BE0E728C5ECD500270D52 /* UIButtonLayoutExtension.swift */; };
		E36BE0FF28C5ECD500270D52 /* ResourceBundleExtension.swift in Sources */ = {isa = PBXBuildFile; fileRef = E36BE0E828C5ECD500270D52 /* ResourceBundleExtension.swift */; };
		E36BE10028C5ECD500270D52 /* UIViewToastExtension.swift in Sources */ = {isa = PBXBuildFile; fileRef = E36BE0E928C5ECD500270D52 /* UIViewToastExtension.swift */; };
		E36BE10128C5ECD500270D52 /* UIImageBundleExtension.swift in Sources */ = {isa = PBXBuildFile; fileRef = E36BE0EA28C5ECD500270D52 /* UIImageBundleExtension.swift */; };
		E36BE10228C5ECD500270D52 /* VRUser.swift in Sources */ = {isa = PBXBuildFile; fileRef = E36BE0EC28C5ECD500270D52 /* VRUser.swift */; };
		E36BE10328C5ECD500270D52 /* VRRoomEntity.swift in Sources */ = {isa = PBXBuildFile; fileRef = E36BE0ED28C5ECD500270D52 /* VRRoomEntity.swift */; };
		E36BE10428C5ECD500270D52 /* VRRoomMenuBarEntity.swift in Sources */ = {isa = PBXBuildFile; fileRef = E36BE0EE28C5ECD500270D52 /* VRRoomMenuBarEntity.swift */; };
		E36BE10528C5ECD500270D52 /* PresentationController.swift in Sources */ = {isa = PBXBuildFile; fileRef = E36BE0F028C5ECD500270D52 /* PresentationController.swift */; };
		E36BE10628C5ECD500270D52 /* LanguageManager.swift in Sources */ = {isa = PBXBuildFile; fileRef = E36BE0F128C5ECD500270D52 /* LanguageManager.swift */; };
		E36BE10728C5ECD500270D52 /* VoiceRoomBusinessApi.swift in Sources */ = {isa = PBXBuildFile; fileRef = E36BE0F228C5ECD500270D52 /* VoiceRoomBusinessApi.swift */; };
		E36BE10828C5ECD500270D52 /* UIViewController+Presentation.swift in Sources */ = {isa = PBXBuildFile; fileRef = E36BE0F328C5ECD500270D52 /* UIViewController+Presentation.swift */; };
		E36BE10928C5ECD500270D52 /* PresentationAnimation.swift in Sources */ = {isa = PBXBuildFile; fileRef = E36BE0F528C5ECD500270D52 /* PresentationAnimation.swift */; };
		E36BE10A28C5ECD500270D52 /* FlipHorizontalAnimation.swift in Sources */ = {isa = PBXBuildFile; fileRef = E36BE0F628C5ECD500270D52 /* FlipHorizontalAnimation.swift */; };
		E36BE10B28C5ECD500270D52 /* CrossZoomAnimation.swift in Sources */ = {isa = PBXBuildFile; fileRef = E36BE0F728C5ECD500270D52 /* CrossZoomAnimation.swift */; };
		E36BE10C28C5ECD500270D52 /* CrossDissolveAnimation.swift in Sources */ = {isa = PBXBuildFile; fileRef = E36BE0F828C5ECD500270D52 /* CrossDissolveAnimation.swift */; };
		E36BE10D28C5ECD500270D52 /* PresentedViewType.swift in Sources */ = {isa = PBXBuildFile; fileRef = E36BE0F928C5ECD500270D52 /* PresentedViewType.swift */; };
		E36BE10E28C5ECD500270D52 /* PresentationEnums.swift in Sources */ = {isa = PBXBuildFile; fileRef = E36BE0FA28C5ECD500270D52 /* PresentationEnums.swift */; };
		E36BE10F28C5ECD500270D52 /* VoiceRoomBusinessRequest.swift in Sources */ = {isa = PBXBuildFile; fileRef = E36BE0FB28C5ECD500270D52 /* VoiceRoomBusinessRequest.swift */; };
		E36BE11028C5ECD500270D52 /* PresentationSegue.swift in Sources */ = {isa = PBXBuildFile; fileRef = E36BE0FC28C5ECD500270D52 /* PresentationSegue.swift */; };
		E36BE11128C5ECD500270D52 /* Notification+Presentation.swift in Sources */ = {isa = PBXBuildFile; fileRef = E36BE0FD28C5ECD500270D52 /* Notification+Presentation.swift */; };
		E36BE11428C5EE7E00270D52 /* VoiceRoomChatModel.swift in Sources */ = {isa = PBXBuildFile; fileRef = E36BE11228C5EE7E00270D52 /* VoiceRoomChatModel.swift */; };
		E36BE11528C5EE7E00270D52 /* VoiceRoomGiftEntity.swift in Sources */ = {isa = PBXBuildFile; fileRef = E36BE11328C5EE7E00270D52 /* VoiceRoomGiftEntity.swift */; };
		E36BE11928C5EEE900270D52 /* VoiceRoomChatBarCell.swift in Sources */ = {isa = PBXBuildFile; fileRef = E36BE11628C5EEE900270D52 /* VoiceRoomChatBarCell.swift */; };
		E36BE11A28C5EEE900270D52 /* VoiceRoomGiftCell.swift in Sources */ = {isa = PBXBuildFile; fileRef = E36BE11728C5EEE900270D52 /* VoiceRoomGiftCell.swift */; };
		E36BE11B28C5EEE900270D52 /* VoiceRoomChatCell.swift in Sources */ = {isa = PBXBuildFile; fileRef = E36BE11828C5EEE900270D52 /* VoiceRoomChatCell.swift */; };
		E36BE11D28C5EF1700270D52 /* VoiceRoomAlertViewController.swift in Sources */ = {isa = PBXBuildFile; fileRef = E36BE11C28C5EF1700270D52 /* VoiceRoomAlertViewController.swift */; };
		E36BE12228C5EF2A00270D52 /* VoiceRoomAlertContainer.swift in Sources */ = {isa = PBXBuildFile; fileRef = E36BE11E28C5EF2A00270D52 /* VoiceRoomAlertContainer.swift */; };
		E36BE12328C5EF2A00270D52 /* VoiceRoomChatBar.swift in Sources */ = {isa = PBXBuildFile; fileRef = E36BE11F28C5EF2A00270D52 /* VoiceRoomChatBar.swift */; };
		E36BE12428C5EF2A00270D52 /* VoiceRoomGiftView.swift in Sources */ = {isa = PBXBuildFile; fileRef = E36BE12028C5EF2A00270D52 /* VoiceRoomGiftView.swift */; };
		E36BE12528C5EF2A00270D52 /* VoiceRoomChatView.swift in Sources */ = {isa = PBXBuildFile; fileRef = E36BE12128C5EF2A00270D52 /* VoiceRoomChatView.swift */; };
		E36BE12B28C5EF7700270D52 /* VRCreateRoomCardCell.swift in Sources */ = {isa = PBXBuildFile; fileRef = E36BE12628C5EF7700270D52 /* VRCreateRoomCardCell.swift */; };
		E36BE12C28C5EF7700270D52 /* VRRoomListCell.swift in Sources */ = {isa = PBXBuildFile; fileRef = E36BE12728C5EF7700270D52 /* VRRoomListCell.swift */; };
		E36BE12D28C5EF7700270D52 /* HorizontalCardCell.swift in Sources */ = {isa = PBXBuildFile; fileRef = E36BE12828C5EF7700270D52 /* HorizontalCardCell.swift */; };
		E36BE12E28C5EF7700270D52 /* VRRoomMenuBarCell.swift in Sources */ = {isa = PBXBuildFile; fileRef = E36BE12928C5EF7700270D52 /* VRRoomMenuBarCell.swift */; };
		E36BE12F28C5EF7700270D52 /* VRSoundEffectsCell.swift in Sources */ = {isa = PBXBuildFile; fileRef = E36BE12A28C5EF7700270D52 /* VRSoundEffectsCell.swift */; };
		E36BE13528C5EF8300270D52 /* VRRoomsViewController.swift in Sources */ = {isa = PBXBuildFile; fileRef = E36BE13028C5EF8300270D52 /* VRRoomsViewController.swift */; };
		E36BE13628C5EF8400270D52 /* VRSoundEffectsViewController.swift in Sources */ = {isa = PBXBuildFile; fileRef = E36BE13128C5EF8300270D52 /* VRSoundEffectsViewController.swift */; };
		E36BE13728C5EF8400270D52 /* VRUserProfileViewController.swift in Sources */ = {isa = PBXBuildFile; fileRef = E36BE13228C5EF8300270D52 /* VRUserProfileViewController.swift */; };
		E36BE13828C5EF8400270D52 /* VRCreateRoomViewController.swift in Sources */ = {isa = PBXBuildFile; fileRef = E36BE13328C5EF8300270D52 /* VRCreateRoomViewController.swift */; };
		E36BE13928C5EF8400270D52 /* VRBaseViewController.swift in Sources */ = {isa = PBXBuildFile; fileRef = E36BE13428C5EF8300270D52 /* VRBaseViewController.swift */; };
		E36BE14928C5EF9300270D52 /* VREmptyView.swift in Sources */ = {isa = PBXBuildFile; fileRef = E36BE13A28C5EF9200270D52 /* VREmptyView.swift */; };
		E36BE14A28C5EF9300270D52 /* BaseNavigationView.swift in Sources */ = {isa = PBXBuildFile; fileRef = E36BE13B28C5EF9200270D52 /* BaseNavigationView.swift */; };
		E36BE14B28C5EF9300270D52 /* VRUserInfoView.swift in Sources */ = {isa = PBXBuildFile; fileRef = E36BE13C28C5EF9200270D52 /* VRUserInfoView.swift */; };
		E36BE14C28C5EF9300270D52 /* VRVerifyCodeNumberView.swift in Sources */ = {isa = PBXBuildFile; fileRef = E36BE13D28C5EF9200270D52 /* VRVerifyCodeNumberView.swift */; };
		E36BE14D28C5EF9300270D52 /* VRCreateRoomInputView.swift in Sources */ = {isa = PBXBuildFile; fileRef = E36BE13E28C5EF9200270D52 /* VRCreateRoomInputView.swift */; };
		E36BE14E28C5EF9300270D52 /* VRRoomMenuBar.swift in Sources */ = {isa = PBXBuildFile; fileRef = E36BE13F28C5EF9200270D52 /* VRRoomMenuBar.swift */; };
		E36BE14F28C5EF9300270D52 /* VRVerifyCodeTextView.swift in Sources */ = {isa = PBXBuildFile; fileRef = E36BE14028C5EF9200270D52 /* VRVerifyCodeTextView.swift */; };
		E36BE15028C5EF9300270D52 /* VRSoundTypeCard.swift in Sources */ = {isa = PBXBuildFile; fileRef = E36BE14128C5EF9200270D52 /* VRSoundTypeCard.swift */; };
		E36BE15128C5EF9300270D52 /* VRRoomCreateView.swift in Sources */ = {isa = PBXBuildFile; fileRef = E36BE14228C5EF9200270D52 /* VRRoomCreateView.swift */; };
		E36BE15228C5EF9300270D52 /* HorizontalCardView.swift in Sources */ = {isa = PBXBuildFile; fileRef = E36BE14328C5EF9200270D52 /* HorizontalCardView.swift */; };
		E36BE15328C5EF9300270D52 /* HorizontalCardsView.swift in Sources */ = {isa = PBXBuildFile; fileRef = E36BE14428C5EF9200270D52 /* HorizontalCardsView.swift */; };
		E36BE15428C5EF9300270D52 /* VRVerifyCodeView.swift in Sources */ = {isa = PBXBuildFile; fileRef = E36BE14528C5EF9200270D52 /* VRVerifyCodeView.swift */; };
		E36BE15528C5EF9300270D52 /* VRRoomListView.swift in Sources */ = {isa = PBXBuildFile; fileRef = E36BE14628C5EF9200270D52 /* VRRoomListView.swift */; };
		E36BE15628C5EF9300270D52 /* VRCreateRoomView.swift in Sources */ = {isa = PBXBuildFile; fileRef = E36BE14728C5EF9200270D52 /* VRCreateRoomView.swift */; };
		E36BE15728C5EF9300270D52 /* VRSoundEffectsList.swift in Sources */ = {isa = PBXBuildFile; fileRef = E36BE14828C5EF9300270D52 /* VRSoundEffectsList.swift */; };
		E36BE15928C5F49600270D52 /* ASRTCKit.swift in Sources */ = {isa = PBXBuildFile; fileRef = E36BE15828C5F49600270D52 /* ASRTCKit.swift */; };
		E36BE16728C605F100270D52 /* VoiceRoomRequest.swift in Sources */ = {isa = PBXBuildFile; fileRef = E36BE16628C605F100270D52 /* VoiceRoomRequest.swift */; };
		E36BE16F28C6EACA00270D52 /* LauchViewController.swift in Sources */ = {isa = PBXBuildFile; fileRef = E36BE16E28C6EACA00270D52 /* LauchViewController.swift */; };
		E36BE17028C6F72100270D52 /* AgoraAiNoiseSuppressionExtension.xcframework in Frameworks */ = {isa = PBXBuildFile; fileRef = E36BE15A28C5FECB00270D52 /* AgoraAiNoiseSuppressionExtension.xcframework */; };
		E36BE17128C6F72100270D52 /* AgoraAiNoiseSuppressionExtension.xcframework in Embed Frameworks */ = {isa = PBXBuildFile; fileRef = E36BE15A28C5FECB00270D52 /* AgoraAiNoiseSuppressionExtension.xcframework */; settings = {ATTRIBUTES = (CodeSignOnCopy, RemoveHeadersOnCopy, ); }; };
		E36BE17328C6F72200270D52 /* AgoraAudioBeautyExtension.xcframework in Frameworks */ = {isa = PBXBuildFile; fileRef = E36BE15C28C5FECB00270D52 /* AgoraAudioBeautyExtension.xcframework */; };
		E36BE17428C6F72200270D52 /* AgoraAudioBeautyExtension.xcframework in Embed Frameworks */ = {isa = PBXBuildFile; fileRef = E36BE15C28C5FECB00270D52 /* AgoraAudioBeautyExtension.xcframework */; settings = {ATTRIBUTES = (CodeSignOnCopy, RemoveHeadersOnCopy, ); }; };
		E36BE17528C6F72300270D52 /* Agorafdkaac.xcframework in Frameworks */ = {isa = PBXBuildFile; fileRef = E36BE15F28C5FECB00270D52 /* Agorafdkaac.xcframework */; };
		E36BE17628C6F72300270D52 /* Agorafdkaac.xcframework in Embed Frameworks */ = {isa = PBXBuildFile; fileRef = E36BE15F28C5FECB00270D52 /* Agorafdkaac.xcframework */; settings = {ATTRIBUTES = (CodeSignOnCopy, RemoveHeadersOnCopy, ); }; };
		E36BE17728C6F72500270D52 /* AgoraRtcKit.xcframework in Frameworks */ = {isa = PBXBuildFile; fileRef = E36BE15B28C5FECB00270D52 /* AgoraRtcKit.xcframework */; };
		E36BE17828C6F72500270D52 /* AgoraRtcKit.xcframework in Embed Frameworks */ = {isa = PBXBuildFile; fileRef = E36BE15B28C5FECB00270D52 /* AgoraRtcKit.xcframework */; settings = {ATTRIBUTES = (CodeSignOnCopy, RemoveHeadersOnCopy, ); }; };
		E36BE17928C6F72600270D52 /* AgoraSoundTouch.xcframework in Frameworks */ = {isa = PBXBuildFile; fileRef = E36BE15D28C5FECB00270D52 /* AgoraSoundTouch.xcframework */; };
		E36BE17A28C6F72600270D52 /* AgoraSoundTouch.xcframework in Embed Frameworks */ = {isa = PBXBuildFile; fileRef = E36BE15D28C5FECB00270D52 /* AgoraSoundTouch.xcframework */; settings = {ATTRIBUTES = (CodeSignOnCopy, RemoveHeadersOnCopy, ); }; };
		E36BE17B28C6F72800270D52 /* AgoraSpatialAudioExtension.xcframework in Frameworks */ = {isa = PBXBuildFile; fileRef = E36BE15E28C5FECB00270D52 /* AgoraSpatialAudioExtension.xcframework */; };
		E36BE17C28C6F72800270D52 /* AgoraSpatialAudioExtension.xcframework in Embed Frameworks */ = {isa = PBXBuildFile; fileRef = E36BE15E28C5FECB00270D52 /* AgoraSpatialAudioExtension.xcframework */; settings = {ATTRIBUTES = (CodeSignOnCopy, RemoveHeadersOnCopy, ); }; };
		E36BE18428C7242300270D52 /* VoiceRoomViewController.swift in Sources */ = {isa = PBXBuildFile; fileRef = E36BE18328C7242300270D52 /* VoiceRoomViewController.swift */; };
		E39B688828C5948C0083D0F9 /* AppDelegate.swift in Sources */ = {isa = PBXBuildFile; fileRef = E39B688728C5948C0083D0F9 /* AppDelegate.swift */; };
		E39B689128C5948D0083D0F9 /* Assets.xcassets in Resources */ = {isa = PBXBuildFile; fileRef = E39B689028C5948D0083D0F9 /* Assets.xcassets */; };
		E39B689428C5948D0083D0F9 /* LaunchScreen.storyboard in Resources */ = {isa = PBXBuildFile; fileRef = E39B689228C5948D0083D0F9 /* LaunchScreen.storyboard */; };
		E39B68B628C5A41E0083D0F9 /* AgoraChatRoomBaseAlienCollectionViewCell.swift in Sources */ = {isa = PBXBuildFile; fileRef = E39B68AE28C5A41E0083D0F9 /* AgoraChatRoomBaseAlienCollectionViewCell.swift */; };
		E39B68B728C5A41E0083D0F9 /* AgoraMicVolView.swift in Sources */ = {isa = PBXBuildFile; fileRef = E39B68AF28C5A41E0083D0F9 /* AgoraMicVolView.swift */; };
		E39B68B828C5A41E0083D0F9 /* AgoraChatRoomBaseUserCollectionViewCell.swift in Sources */ = {isa = PBXBuildFile; fileRef = E39B68B028C5A41E0083D0F9 /* AgoraChatRoomBaseUserCollectionViewCell.swift */; };
		E39B68B928C5A41E0083D0F9 /* AgoraChatRoom3DRtcView.swift in Sources */ = {isa = PBXBuildFile; fileRef = E39B68B128C5A41E0083D0F9 /* AgoraChatRoom3DRtcView.swift */; };
		E39B68BA28C5A41E0083D0F9 /* AgoraChatRoom3DUserCollectionViewCell.swift in Sources */ = {isa = PBXBuildFile; fileRef = E39B68B228C5A41E0083D0F9 /* AgoraChatRoom3DUserCollectionViewCell.swift */; };
		E39B68BB28C5A41E0083D0F9 /* AgoraChatRoomBaseRtcUserView.swift in Sources */ = {isa = PBXBuildFile; fileRef = E39B68B328C5A41E0083D0F9 /* AgoraChatRoomBaseRtcUserView.swift */; };
		E39B68BC28C5A41E0083D0F9 /* AgoraChatRoom3DMoveUserView.swift in Sources */ = {isa = PBXBuildFile; fileRef = E39B68B428C5A41E0083D0F9 /* AgoraChatRoom3DMoveUserView.swift */; };
		E39B68BD28C5A41E0083D0F9 /* AgoraChatRoomNormalRtcView.swift in Sources */ = {isa = PBXBuildFile; fileRef = E39B68B528C5A41E0083D0F9 /* AgoraChatRoomNormalRtcView.swift */; };
		E39B68C028C5A4770083D0F9 /* AgoraChatRoomHeaderView.swift in Sources */ = {isa = PBXBuildFile; fileRef = E39B68BF28C5A4770083D0F9 /* AgoraChatRoomHeaderView.swift */; };
		E39B68C328C5A4D30083D0F9 /* arrow.svga in Resources */ = {isa = PBXBuildFile; fileRef = E39B68C228C5A4D30083D0F9 /* arrow.svga */; };
		E39B68C628C5A5200083D0F9 /* SwiftyFitSize.swift in Sources */ = {isa = PBXBuildFile; fileRef = E39B68C528C5A5200083D0F9 /* SwiftyFitSize.swift */; };
/* End PBXBuildFile section */

/* Begin PBXCopyFilesBuildPhase section */
		E36BE17228C6F72100270D52 /* Embed Frameworks */ = {
			isa = PBXCopyFilesBuildPhase;
			buildActionMask = 2147483647;
			dstPath = "";
			dstSubfolderSpec = 10;
			files = (
				E36BE17128C6F72100270D52 /* AgoraAiNoiseSuppressionExtension.xcframework in Embed Frameworks */,
				E36BE17828C6F72500270D52 /* AgoraRtcKit.xcframework in Embed Frameworks */,
				E36BE17628C6F72300270D52 /* Agorafdkaac.xcframework in Embed Frameworks */,
				E36BE17A28C6F72600270D52 /* AgoraSoundTouch.xcframework in Embed Frameworks */,
				E36BE17C28C6F72800270D52 /* AgoraSpatialAudioExtension.xcframework in Embed Frameworks */,
				E36BE17428C6F72200270D52 /* AgoraAudioBeautyExtension.xcframework in Embed Frameworks */,
			);
			name = "Embed Frameworks";
			runOnlyForDeploymentPostprocessing = 0;
		};
/* End PBXCopyFilesBuildPhase section */

/* Begin PBXFileReference section */
		1EB37DBD2D4136E6E32EC97B /* Pods-AgoraScene_iOS.debug.xcconfig */ = {isa = PBXFileReference; includeInIndex = 1; lastKnownFileType = text.xcconfig; name = "Pods-AgoraScene_iOS.debug.xcconfig"; path = "Target Support Files/Pods-AgoraScene_iOS/Pods-AgoraScene_iOS.debug.xcconfig"; sourceTree = "<group>"; };
		AC63D49D288722B3FA14A117 /* Pods-AgoraScene_iOS.release.xcconfig */ = {isa = PBXFileReference; includeInIndex = 1; lastKnownFileType = text.xcconfig; name = "Pods-AgoraScene_iOS.release.xcconfig"; path = "Target Support Files/Pods-AgoraScene_iOS/Pods-AgoraScene_iOS.release.xcconfig"; sourceTree = "<group>"; };
		E36BE0E128C5E74500270D52 /* AgoraSceneConfig.swift */ = {isa = PBXFileReference; lastKnownFileType = sourcecode.swift; path = AgoraSceneConfig.swift; sourceTree = "<group>"; };
		E36BE0E728C5ECD500270D52 /* UIButtonLayoutExtension.swift */ = {isa = PBXFileReference; fileEncoding = 4; lastKnownFileType = sourcecode.swift; path = UIButtonLayoutExtension.swift; sourceTree = "<group>"; };
		E36BE0E828C5ECD500270D52 /* ResourceBundleExtension.swift */ = {isa = PBXFileReference; fileEncoding = 4; lastKnownFileType = sourcecode.swift; path = ResourceBundleExtension.swift; sourceTree = "<group>"; };
		E36BE0E928C5ECD500270D52 /* UIViewToastExtension.swift */ = {isa = PBXFileReference; fileEncoding = 4; lastKnownFileType = sourcecode.swift; path = UIViewToastExtension.swift; sourceTree = "<group>"; };
		E36BE0EA28C5ECD500270D52 /* UIImageBundleExtension.swift */ = {isa = PBXFileReference; fileEncoding = 4; lastKnownFileType = sourcecode.swift; path = UIImageBundleExtension.swift; sourceTree = "<group>"; };
		E36BE0EC28C5ECD500270D52 /* VRUser.swift */ = {isa = PBXFileReference; fileEncoding = 4; lastKnownFileType = sourcecode.swift; path = VRUser.swift; sourceTree = "<group>"; };
		E36BE0ED28C5ECD500270D52 /* VRRoomEntity.swift */ = {isa = PBXFileReference; fileEncoding = 4; lastKnownFileType = sourcecode.swift; path = VRRoomEntity.swift; sourceTree = "<group>"; };
		E36BE0EE28C5ECD500270D52 /* VRRoomMenuBarEntity.swift */ = {isa = PBXFileReference; fileEncoding = 4; lastKnownFileType = sourcecode.swift; path = VRRoomMenuBarEntity.swift; sourceTree = "<group>"; };
		E36BE0F028C5ECD500270D52 /* PresentationController.swift */ = {isa = PBXFileReference; fileEncoding = 4; lastKnownFileType = sourcecode.swift; path = PresentationController.swift; sourceTree = "<group>"; };
		E36BE0F128C5ECD500270D52 /* LanguageManager.swift */ = {isa = PBXFileReference; fileEncoding = 4; lastKnownFileType = sourcecode.swift; path = LanguageManager.swift; sourceTree = "<group>"; };
		E36BE0F228C5ECD500270D52 /* VoiceRoomBusinessApi.swift */ = {isa = PBXFileReference; fileEncoding = 4; lastKnownFileType = sourcecode.swift; path = VoiceRoomBusinessApi.swift; sourceTree = "<group>"; };
		E36BE0F328C5ECD500270D52 /* UIViewController+Presentation.swift */ = {isa = PBXFileReference; fileEncoding = 4; lastKnownFileType = sourcecode.swift; path = "UIViewController+Presentation.swift"; sourceTree = "<group>"; };
		E36BE0F528C5ECD500270D52 /* PresentationAnimation.swift */ = {isa = PBXFileReference; fileEncoding = 4; lastKnownFileType = sourcecode.swift; path = PresentationAnimation.swift; sourceTree = "<group>"; };
		E36BE0F628C5ECD500270D52 /* FlipHorizontalAnimation.swift */ = {isa = PBXFileReference; fileEncoding = 4; lastKnownFileType = sourcecode.swift; path = FlipHorizontalAnimation.swift; sourceTree = "<group>"; };
		E36BE0F728C5ECD500270D52 /* CrossZoomAnimation.swift */ = {isa = PBXFileReference; fileEncoding = 4; lastKnownFileType = sourcecode.swift; path = CrossZoomAnimation.swift; sourceTree = "<group>"; };
		E36BE0F828C5ECD500270D52 /* CrossDissolveAnimation.swift */ = {isa = PBXFileReference; fileEncoding = 4; lastKnownFileType = sourcecode.swift; path = CrossDissolveAnimation.swift; sourceTree = "<group>"; };
		E36BE0F928C5ECD500270D52 /* PresentedViewType.swift */ = {isa = PBXFileReference; fileEncoding = 4; lastKnownFileType = sourcecode.swift; path = PresentedViewType.swift; sourceTree = "<group>"; };
		E36BE0FA28C5ECD500270D52 /* PresentationEnums.swift */ = {isa = PBXFileReference; fileEncoding = 4; lastKnownFileType = sourcecode.swift; path = PresentationEnums.swift; sourceTree = "<group>"; };
		E36BE0FB28C5ECD500270D52 /* VoiceRoomBusinessRequest.swift */ = {isa = PBXFileReference; fileEncoding = 4; lastKnownFileType = sourcecode.swift; path = VoiceRoomBusinessRequest.swift; sourceTree = "<group>"; };
		E36BE0FC28C5ECD500270D52 /* PresentationSegue.swift */ = {isa = PBXFileReference; fileEncoding = 4; lastKnownFileType = sourcecode.swift; path = PresentationSegue.swift; sourceTree = "<group>"; };
		E36BE0FD28C5ECD500270D52 /* Notification+Presentation.swift */ = {isa = PBXFileReference; fileEncoding = 4; lastKnownFileType = sourcecode.swift; path = "Notification+Presentation.swift"; sourceTree = "<group>"; };
		E36BE11228C5EE7E00270D52 /* VoiceRoomChatModel.swift */ = {isa = PBXFileReference; fileEncoding = 4; lastKnownFileType = sourcecode.swift; path = VoiceRoomChatModel.swift; sourceTree = "<group>"; };
		E36BE11328C5EE7E00270D52 /* VoiceRoomGiftEntity.swift */ = {isa = PBXFileReference; fileEncoding = 4; lastKnownFileType = sourcecode.swift; path = VoiceRoomGiftEntity.swift; sourceTree = "<group>"; };
		E36BE11628C5EEE900270D52 /* VoiceRoomChatBarCell.swift */ = {isa = PBXFileReference; fileEncoding = 4; lastKnownFileType = sourcecode.swift; path = VoiceRoomChatBarCell.swift; sourceTree = "<group>"; };
		E36BE11728C5EEE900270D52 /* VoiceRoomGiftCell.swift */ = {isa = PBXFileReference; fileEncoding = 4; lastKnownFileType = sourcecode.swift; path = VoiceRoomGiftCell.swift; sourceTree = "<group>"; };
		E36BE11828C5EEE900270D52 /* VoiceRoomChatCell.swift */ = {isa = PBXFileReference; fileEncoding = 4; lastKnownFileType = sourcecode.swift; path = VoiceRoomChatCell.swift; sourceTree = "<group>"; };
		E36BE11C28C5EF1700270D52 /* VoiceRoomAlertViewController.swift */ = {isa = PBXFileReference; fileEncoding = 4; lastKnownFileType = sourcecode.swift; path = VoiceRoomAlertViewController.swift; sourceTree = "<group>"; };
		E36BE11E28C5EF2A00270D52 /* VoiceRoomAlertContainer.swift */ = {isa = PBXFileReference; fileEncoding = 4; lastKnownFileType = sourcecode.swift; path = VoiceRoomAlertContainer.swift; sourceTree = "<group>"; };
		E36BE11F28C5EF2A00270D52 /* VoiceRoomChatBar.swift */ = {isa = PBXFileReference; fileEncoding = 4; lastKnownFileType = sourcecode.swift; path = VoiceRoomChatBar.swift; sourceTree = "<group>"; };
		E36BE12028C5EF2A00270D52 /* VoiceRoomGiftView.swift */ = {isa = PBXFileReference; fileEncoding = 4; lastKnownFileType = sourcecode.swift; path = VoiceRoomGiftView.swift; sourceTree = "<group>"; };
		E36BE12128C5EF2A00270D52 /* VoiceRoomChatView.swift */ = {isa = PBXFileReference; fileEncoding = 4; lastKnownFileType = sourcecode.swift; path = VoiceRoomChatView.swift; sourceTree = "<group>"; };
		E36BE12628C5EF7700270D52 /* VRCreateRoomCardCell.swift */ = {isa = PBXFileReference; fileEncoding = 4; lastKnownFileType = sourcecode.swift; path = VRCreateRoomCardCell.swift; sourceTree = "<group>"; };
		E36BE12728C5EF7700270D52 /* VRRoomListCell.swift */ = {isa = PBXFileReference; fileEncoding = 4; lastKnownFileType = sourcecode.swift; path = VRRoomListCell.swift; sourceTree = "<group>"; };
		E36BE12828C5EF7700270D52 /* HorizontalCardCell.swift */ = {isa = PBXFileReference; fileEncoding = 4; lastKnownFileType = sourcecode.swift; path = HorizontalCardCell.swift; sourceTree = "<group>"; };
		E36BE12928C5EF7700270D52 /* VRRoomMenuBarCell.swift */ = {isa = PBXFileReference; fileEncoding = 4; lastKnownFileType = sourcecode.swift; path = VRRoomMenuBarCell.swift; sourceTree = "<group>"; };
		E36BE12A28C5EF7700270D52 /* VRSoundEffectsCell.swift */ = {isa = PBXFileReference; fileEncoding = 4; lastKnownFileType = sourcecode.swift; path = VRSoundEffectsCell.swift; sourceTree = "<group>"; };
		E36BE13028C5EF8300270D52 /* VRRoomsViewController.swift */ = {isa = PBXFileReference; fileEncoding = 4; lastKnownFileType = sourcecode.swift; path = VRRoomsViewController.swift; sourceTree = "<group>"; };
		E36BE13128C5EF8300270D52 /* VRSoundEffectsViewController.swift */ = {isa = PBXFileReference; fileEncoding = 4; lastKnownFileType = sourcecode.swift; path = VRSoundEffectsViewController.swift; sourceTree = "<group>"; };
		E36BE13228C5EF8300270D52 /* VRUserProfileViewController.swift */ = {isa = PBXFileReference; fileEncoding = 4; lastKnownFileType = sourcecode.swift; path = VRUserProfileViewController.swift; sourceTree = "<group>"; };
		E36BE13328C5EF8300270D52 /* VRCreateRoomViewController.swift */ = {isa = PBXFileReference; fileEncoding = 4; lastKnownFileType = sourcecode.swift; path = VRCreateRoomViewController.swift; sourceTree = "<group>"; };
		E36BE13428C5EF8300270D52 /* VRBaseViewController.swift */ = {isa = PBXFileReference; fileEncoding = 4; lastKnownFileType = sourcecode.swift; path = VRBaseViewController.swift; sourceTree = "<group>"; };
		E36BE13A28C5EF9200270D52 /* VREmptyView.swift */ = {isa = PBXFileReference; fileEncoding = 4; lastKnownFileType = sourcecode.swift; path = VREmptyView.swift; sourceTree = "<group>"; };
		E36BE13B28C5EF9200270D52 /* BaseNavigationView.swift */ = {isa = PBXFileReference; fileEncoding = 4; lastKnownFileType = sourcecode.swift; path = BaseNavigationView.swift; sourceTree = "<group>"; };
		E36BE13C28C5EF9200270D52 /* VRUserInfoView.swift */ = {isa = PBXFileReference; fileEncoding = 4; lastKnownFileType = sourcecode.swift; path = VRUserInfoView.swift; sourceTree = "<group>"; };
		E36BE13D28C5EF9200270D52 /* VRVerifyCodeNumberView.swift */ = {isa = PBXFileReference; fileEncoding = 4; lastKnownFileType = sourcecode.swift; path = VRVerifyCodeNumberView.swift; sourceTree = "<group>"; };
		E36BE13E28C5EF9200270D52 /* VRCreateRoomInputView.swift */ = {isa = PBXFileReference; fileEncoding = 4; lastKnownFileType = sourcecode.swift; path = VRCreateRoomInputView.swift; sourceTree = "<group>"; };
		E36BE13F28C5EF9200270D52 /* VRRoomMenuBar.swift */ = {isa = PBXFileReference; fileEncoding = 4; lastKnownFileType = sourcecode.swift; path = VRRoomMenuBar.swift; sourceTree = "<group>"; };
		E36BE14028C5EF9200270D52 /* VRVerifyCodeTextView.swift */ = {isa = PBXFileReference; fileEncoding = 4; lastKnownFileType = sourcecode.swift; path = VRVerifyCodeTextView.swift; sourceTree = "<group>"; };
		E36BE14128C5EF9200270D52 /* VRSoundTypeCard.swift */ = {isa = PBXFileReference; fileEncoding = 4; lastKnownFileType = sourcecode.swift; path = VRSoundTypeCard.swift; sourceTree = "<group>"; };
		E36BE14228C5EF9200270D52 /* VRRoomCreateView.swift */ = {isa = PBXFileReference; fileEncoding = 4; lastKnownFileType = sourcecode.swift; path = VRRoomCreateView.swift; sourceTree = "<group>"; };
		E36BE14328C5EF9200270D52 /* HorizontalCardView.swift */ = {isa = PBXFileReference; fileEncoding = 4; lastKnownFileType = sourcecode.swift; path = HorizontalCardView.swift; sourceTree = "<group>"; };
		E36BE14428C5EF9200270D52 /* HorizontalCardsView.swift */ = {isa = PBXFileReference; fileEncoding = 4; lastKnownFileType = sourcecode.swift; path = HorizontalCardsView.swift; sourceTree = "<group>"; };
		E36BE14528C5EF9200270D52 /* VRVerifyCodeView.swift */ = {isa = PBXFileReference; fileEncoding = 4; lastKnownFileType = sourcecode.swift; path = VRVerifyCodeView.swift; sourceTree = "<group>"; };
		E36BE14628C5EF9200270D52 /* VRRoomListView.swift */ = {isa = PBXFileReference; fileEncoding = 4; lastKnownFileType = sourcecode.swift; path = VRRoomListView.swift; sourceTree = "<group>"; };
		E36BE14728C5EF9200270D52 /* VRCreateRoomView.swift */ = {isa = PBXFileReference; fileEncoding = 4; lastKnownFileType = sourcecode.swift; path = VRCreateRoomView.swift; sourceTree = "<group>"; };
		E36BE14828C5EF9300270D52 /* VRSoundEffectsList.swift */ = {isa = PBXFileReference; fileEncoding = 4; lastKnownFileType = sourcecode.swift; path = VRSoundEffectsList.swift; sourceTree = "<group>"; };
		E36BE15828C5F49600270D52 /* ASRTCKit.swift */ = {isa = PBXFileReference; lastKnownFileType = sourcecode.swift; path = ASRTCKit.swift; sourceTree = "<group>"; };
		E36BE15A28C5FECB00270D52 /* AgoraAiNoiseSuppressionExtension.xcframework */ = {isa = PBXFileReference; lastKnownFileType = wrapper.xcframework; path = AgoraAiNoiseSuppressionExtension.xcframework; sourceTree = "<group>"; };
		E36BE15B28C5FECB00270D52 /* AgoraRtcKit.xcframework */ = {isa = PBXFileReference; lastKnownFileType = wrapper.xcframework; path = AgoraRtcKit.xcframework; sourceTree = "<group>"; };
		E36BE15C28C5FECB00270D52 /* AgoraAudioBeautyExtension.xcframework */ = {isa = PBXFileReference; lastKnownFileType = wrapper.xcframework; path = AgoraAudioBeautyExtension.xcframework; sourceTree = "<group>"; };
		E36BE15D28C5FECB00270D52 /* AgoraSoundTouch.xcframework */ = {isa = PBXFileReference; lastKnownFileType = wrapper.xcframework; path = AgoraSoundTouch.xcframework; sourceTree = "<group>"; };
		E36BE15E28C5FECB00270D52 /* AgoraSpatialAudioExtension.xcframework */ = {isa = PBXFileReference; lastKnownFileType = wrapper.xcframework; path = AgoraSpatialAudioExtension.xcframework; sourceTree = "<group>"; };
		E36BE15F28C5FECB00270D52 /* Agorafdkaac.xcframework */ = {isa = PBXFileReference; lastKnownFileType = wrapper.xcframework; path = Agorafdkaac.xcframework; sourceTree = "<group>"; };
		E36BE16628C605F100270D52 /* VoiceRoomRequest.swift */ = {isa = PBXFileReference; lastKnownFileType = sourcecode.swift; path = VoiceRoomRequest.swift; sourceTree = "<group>"; };
		E36BE16E28C6EACA00270D52 /* LauchViewController.swift */ = {isa = PBXFileReference; lastKnownFileType = sourcecode.swift; path = LauchViewController.swift; sourceTree = "<group>"; };
		E36BE18328C7242300270D52 /* VoiceRoomViewController.swift */ = {isa = PBXFileReference; lastKnownFileType = sourcecode.swift; path = VoiceRoomViewController.swift; sourceTree = "<group>"; };
		E39B688428C5948C0083D0F9 /* AgoraScene_iOS.app */ = {isa = PBXFileReference; explicitFileType = wrapper.application; includeInIndex = 0; path = AgoraScene_iOS.app; sourceTree = BUILT_PRODUCTS_DIR; };
		E39B688728C5948C0083D0F9 /* AppDelegate.swift */ = {isa = PBXFileReference; lastKnownFileType = sourcecode.swift; path = AppDelegate.swift; sourceTree = "<group>"; };
		E39B689028C5948D0083D0F9 /* Assets.xcassets */ = {isa = PBXFileReference; lastKnownFileType = folder.assetcatalog; path = Assets.xcassets; sourceTree = "<group>"; };
		E39B689328C5948D0083D0F9 /* Base */ = {isa = PBXFileReference; lastKnownFileType = file.storyboard; name = Base; path = Base.lproj/LaunchScreen.storyboard; sourceTree = "<group>"; };
		E39B689528C5948D0083D0F9 /* Info.plist */ = {isa = PBXFileReference; lastKnownFileType = text.plist.xml; path = Info.plist; sourceTree = "<group>"; };
		E39B68AE28C5A41E0083D0F9 /* AgoraChatRoomBaseAlienCollectionViewCell.swift */ = {isa = PBXFileReference; fileEncoding = 4; lastKnownFileType = sourcecode.swift; path = AgoraChatRoomBaseAlienCollectionViewCell.swift; sourceTree = "<group>"; };
		E39B68AF28C5A41E0083D0F9 /* AgoraMicVolView.swift */ = {isa = PBXFileReference; fileEncoding = 4; lastKnownFileType = sourcecode.swift; path = AgoraMicVolView.swift; sourceTree = "<group>"; };
		E39B68B028C5A41E0083D0F9 /* AgoraChatRoomBaseUserCollectionViewCell.swift */ = {isa = PBXFileReference; fileEncoding = 4; lastKnownFileType = sourcecode.swift; path = AgoraChatRoomBaseUserCollectionViewCell.swift; sourceTree = "<group>"; };
		E39B68B128C5A41E0083D0F9 /* AgoraChatRoom3DRtcView.swift */ = {isa = PBXFileReference; fileEncoding = 4; lastKnownFileType = sourcecode.swift; path = AgoraChatRoom3DRtcView.swift; sourceTree = "<group>"; };
		E39B68B228C5A41E0083D0F9 /* AgoraChatRoom3DUserCollectionViewCell.swift */ = {isa = PBXFileReference; fileEncoding = 4; lastKnownFileType = sourcecode.swift; path = AgoraChatRoom3DUserCollectionViewCell.swift; sourceTree = "<group>"; };
		E39B68B328C5A41E0083D0F9 /* AgoraChatRoomBaseRtcUserView.swift */ = {isa = PBXFileReference; fileEncoding = 4; lastKnownFileType = sourcecode.swift; path = AgoraChatRoomBaseRtcUserView.swift; sourceTree = "<group>"; };
		E39B68B428C5A41E0083D0F9 /* AgoraChatRoom3DMoveUserView.swift */ = {isa = PBXFileReference; fileEncoding = 4; lastKnownFileType = sourcecode.swift; path = AgoraChatRoom3DMoveUserView.swift; sourceTree = "<group>"; };
		E39B68B528C5A41E0083D0F9 /* AgoraChatRoomNormalRtcView.swift */ = {isa = PBXFileReference; fileEncoding = 4; lastKnownFileType = sourcecode.swift; path = AgoraChatRoomNormalRtcView.swift; sourceTree = "<group>"; };
		E39B68BF28C5A4770083D0F9 /* AgoraChatRoomHeaderView.swift */ = {isa = PBXFileReference; fileEncoding = 4; lastKnownFileType = sourcecode.swift; path = AgoraChatRoomHeaderView.swift; sourceTree = "<group>"; };
		E39B68C228C5A4D30083D0F9 /* arrow.svga */ = {isa = PBXFileReference; lastKnownFileType = file; path = arrow.svga; sourceTree = "<group>"; };
		E39B68C428C5A4EA0083D0F9 /* 一个箭头.svga */ = {isa = PBXFileReference; lastKnownFileType = file; path = "一个箭头.svga"; sourceTree = "<group>"; };
		E39B68C528C5A5200083D0F9 /* SwiftyFitSize.swift */ = {isa = PBXFileReference; fileEncoding = 4; lastKnownFileType = sourcecode.swift; path = SwiftyFitSize.swift; sourceTree = "<group>"; };
		E7FDA5B4BD12E652325A52AB /* Pods_AgoraScene_iOS.framework */ = {isa = PBXFileReference; explicitFileType = wrapper.framework; includeInIndex = 0; path = Pods_AgoraScene_iOS.framework; sourceTree = BUILT_PRODUCTS_DIR; };
/* End PBXFileReference section */

/* Begin PBXFrameworksBuildPhase section */
		E39B688128C5948C0083D0F9 /* Frameworks */ = {
			isa = PBXFrameworksBuildPhase;
			buildActionMask = 2147483647;
			files = (
				E36BE17328C6F72200270D52 /* AgoraAudioBeautyExtension.xcframework in Frameworks */,
				E36BE17528C6F72300270D52 /* Agorafdkaac.xcframework in Frameworks */,
				E36BE17728C6F72500270D52 /* AgoraRtcKit.xcframework in Frameworks */,
				E36BE17B28C6F72800270D52 /* AgoraSpatialAudioExtension.xcframework in Frameworks */,
				E36BE17928C6F72600270D52 /* AgoraSoundTouch.xcframework in Frameworks */,
				1C3786A7F669C170D4FFA5CE /* Pods_AgoraScene_iOS.framework in Frameworks */,
				E36BE17028C6F72100270D52 /* AgoraAiNoiseSuppressionExtension.xcframework in Frameworks */,
			);
			runOnlyForDeploymentPostprocessing = 0;
		};
/* End PBXFrameworksBuildPhase section */

/* Begin PBXGroup section */
		188EEA5554A9EDC0394899AA /* Frameworks */ = {
			isa = PBXGroup;
			children = (
				E7FDA5B4BD12E652325A52AB /* Pods_AgoraScene_iOS.framework */,
			);
			name = Frameworks;
			sourceTree = "<group>";
		};
		E36BE0E328C5EA7300270D52 /* AgoraRtcKit */ = {
			isa = PBXGroup;
			children = (
				E36BE15828C5F49600270D52 /* ASRTCKit.swift */,
			);
			path = AgoraRtcKit;
			sourceTree = "<group>";
		};
		E36BE0E628C5ECD500270D52 /* Extensions */ = {
			isa = PBXGroup;
			children = (
				E36BE0E728C5ECD500270D52 /* UIButtonLayoutExtension.swift */,
				E36BE0E828C5ECD500270D52 /* ResourceBundleExtension.swift */,
				E36BE0E928C5ECD500270D52 /* UIViewToastExtension.swift */,
				E36BE0EA28C5ECD500270D52 /* UIImageBundleExtension.swift */,
			);
			path = Extensions;
			sourceTree = "<group>";
		};
		E36BE0EB28C5ECD500270D52 /* Models */ = {
			isa = PBXGroup;
			children = (
				E36BE0EC28C5ECD500270D52 /* VRUser.swift */,
				E36BE0ED28C5ECD500270D52 /* VRRoomEntity.swift */,
				E36BE0EE28C5ECD500270D52 /* VRRoomMenuBarEntity.swift */,
			);
			path = Models;
			sourceTree = "<group>";
		};
		E36BE0EF28C5ECD500270D52 /* Utils */ = {
			isa = PBXGroup;
			children = (
				E36BE0F028C5ECD500270D52 /* PresentationController.swift */,
				E36BE0F128C5ECD500270D52 /* LanguageManager.swift */,
				E36BE0F228C5ECD500270D52 /* VoiceRoomBusinessApi.swift */,
				E36BE0F328C5ECD500270D52 /* UIViewController+Presentation.swift */,
				E36BE0F428C5ECD500270D52 /* Animation */,
				E36BE0F928C5ECD500270D52 /* PresentedViewType.swift */,
				E36BE0FA28C5ECD500270D52 /* PresentationEnums.swift */,
				E36BE0FB28C5ECD500270D52 /* VoiceRoomBusinessRequest.swift */,
				E36BE0FC28C5ECD500270D52 /* PresentationSegue.swift */,
				E36BE0FD28C5ECD500270D52 /* Notification+Presentation.swift */,
			);
			path = Utils;
			sourceTree = "<group>";
		};
		E36BE0F428C5ECD500270D52 /* Animation */ = {
			isa = PBXGroup;
			children = (
				E36BE0F528C5ECD500270D52 /* PresentationAnimation.swift */,
				E36BE0F628C5ECD500270D52 /* FlipHorizontalAnimation.swift */,
				E36BE0F728C5ECD500270D52 /* CrossZoomAnimation.swift */,
				E36BE0F828C5ECD500270D52 /* CrossDissolveAnimation.swift */,
			);
			path = Animation;
			sourceTree = "<group>";
		};
		E36BE16D28C6EA9F00270D52 /* LoginService */ = {
			isa = PBXGroup;
			children = (
				E36BE16E28C6EACA00270D52 /* LauchViewController.swift */,
			);
			path = LoginService;
			sourceTree = "<group>";
		};
		E39B687B28C5948C0083D0F9 = {
			isa = PBXGroup;
			children = (
				E39B688628C5948C0083D0F9 /* AgoraScene_iOS */,
				E39B688528C5948C0083D0F9 /* Products */,
				F1F6608744F40532362EDBC4 /* Pods */,
				188EEA5554A9EDC0394899AA /* Frameworks */,
			);
			sourceTree = "<group>";
		};
		E39B688528C5948C0083D0F9 /* Products */ = {
			isa = PBXGroup;
			children = (
				E39B688428C5948C0083D0F9 /* AgoraScene_iOS.app */,
			);
			name = Products;
			sourceTree = "<group>";
		};
		E39B688628C5948C0083D0F9 /* AgoraScene_iOS */ = {
			isa = PBXGroup;
			children = (
				E39B689B28C5993B0083D0F9 /* APP */,
				E39B689C28C59BDF0083D0F9 /* Business */,
				E39B68A528C59BDF0083D0F9 /* Compoment */,
				E39B68A628C59BDF0083D0F9 /* Common */,
				E39B689528C5948D0083D0F9 /* Info.plist */,
			);
			path = AgoraScene_iOS;
			sourceTree = "<group>";
		};
		E39B689B28C5993B0083D0F9 /* APP */ = {
			isa = PBXGroup;
			children = (
				E39B688728C5948C0083D0F9 /* AppDelegate.swift */,
				E39B689028C5948D0083D0F9 /* Assets.xcassets */,
				E39B689228C5948D0083D0F9 /* LaunchScreen.storyboard */,
			);
			path = APP;
			sourceTree = "<group>";
		};
		E39B689C28C59BDF0083D0F9 /* Business */ = {
			isa = PBXGroup;
			children = (
				E36BE16D28C6EA9F00270D52 /* LoginService */,
				E39B689D28C59BDF0083D0F9 /* VoiceChat2.0 */,
				E39B68A128C59BDF0083D0F9 /* RoomService */,
			);
			path = Business;
			sourceTree = "<group>";
		};
		E39B689D28C59BDF0083D0F9 /* VoiceChat2.0 */ = {
			isa = PBXGroup;
			children = (
				E39B689E28C59BDF0083D0F9 /* Controller */,
				E39B689F28C59BDF0083D0F9 /* Model */,
				E39B68A028C59BDF0083D0F9 /* View */,
			);
			path = VoiceChat2.0;
			sourceTree = "<group>";
		};
		E39B689E28C59BDF0083D0F9 /* Controller */ = {
			isa = PBXGroup;
			children = (
				E36BE11C28C5EF1700270D52 /* VoiceRoomAlertViewController.swift */,
				E36BE18328C7242300270D52 /* VoiceRoomViewController.swift */,
			);
			path = Controller;
			sourceTree = "<group>";
		};
		E39B689F28C59BDF0083D0F9 /* Model */ = {
			isa = PBXGroup;
			children = (
				E36BE11228C5EE7E00270D52 /* VoiceRoomChatModel.swift */,
				E36BE11328C5EE7E00270D52 /* VoiceRoomGiftEntity.swift */,
			);
			path = Model;
			sourceTree = "<group>";
		};
		E39B68A028C59BDF0083D0F9 /* View */ = {
			isa = PBXGroup;
			children = (
				E36BE11E28C5EF2A00270D52 /* VoiceRoomAlertContainer.swift */,
				E36BE11F28C5EF2A00270D52 /* VoiceRoomChatBar.swift */,
				E36BE12128C5EF2A00270D52 /* VoiceRoomChatView.swift */,
				E36BE12028C5EF2A00270D52 /* VoiceRoomGiftView.swift */,
				E36BE11628C5EEE900270D52 /* VoiceRoomChatBarCell.swift */,
				E36BE11828C5EEE900270D52 /* VoiceRoomChatCell.swift */,
				E36BE11728C5EEE900270D52 /* VoiceRoomGiftCell.swift */,
			);
			path = View;
			sourceTree = "<group>";
		};
		E39B68A128C59BDF0083D0F9 /* RoomService */ = {
			isa = PBXGroup;
			children = (
				E39B68A228C59BDF0083D0F9 /* Controller */,
				E39B68A328C59BDF0083D0F9 /* Model */,
				E39B68A428C59BDF0083D0F9 /* View */,
			);
			path = RoomService;
			sourceTree = "<group>";
		};
		E39B68A228C59BDF0083D0F9 /* Controller */ = {
			isa = PBXGroup;
			children = (
				E36BE13428C5EF8300270D52 /* VRBaseViewController.swift */,
				E36BE13328C5EF8300270D52 /* VRCreateRoomViewController.swift */,
				E36BE13028C5EF8300270D52 /* VRRoomsViewController.swift */,
				E36BE13128C5EF8300270D52 /* VRSoundEffectsViewController.swift */,
				E36BE13228C5EF8300270D52 /* VRUserProfileViewController.swift */,
			);
			path = Controller;
			sourceTree = "<group>";
		};
		E39B68A328C59BDF0083D0F9 /* Model */ = {
			isa = PBXGroup;
			children = (
			);
			path = Model;
			sourceTree = "<group>";
		};
		E39B68A428C59BDF0083D0F9 /* View */ = {
			isa = PBXGroup;
			children = (
				E36BE13B28C5EF9200270D52 /* BaseNavigationView.swift */,
				E36BE14428C5EF9200270D52 /* HorizontalCardsView.swift */,
				E36BE14328C5EF9200270D52 /* HorizontalCardView.swift */,
				E36BE13E28C5EF9200270D52 /* VRCreateRoomInputView.swift */,
				E36BE14728C5EF9200270D52 /* VRCreateRoomView.swift */,
				E36BE13A28C5EF9200270D52 /* VREmptyView.swift */,
				E36BE14228C5EF9200270D52 /* VRRoomCreateView.swift */,
				E36BE14628C5EF9200270D52 /* VRRoomListView.swift */,
				E36BE13F28C5EF9200270D52 /* VRRoomMenuBar.swift */,
				E36BE14828C5EF9300270D52 /* VRSoundEffectsList.swift */,
				E36BE14128C5EF9200270D52 /* VRSoundTypeCard.swift */,
				E36BE13C28C5EF9200270D52 /* VRUserInfoView.swift */,
				E36BE13D28C5EF9200270D52 /* VRVerifyCodeNumberView.swift */,
				E36BE14028C5EF9200270D52 /* VRVerifyCodeTextView.swift */,
				E36BE14528C5EF9200270D52 /* VRVerifyCodeView.swift */,
				E36BE12828C5EF7700270D52 /* HorizontalCardCell.swift */,
				E36BE12628C5EF7700270D52 /* VRCreateRoomCardCell.swift */,
				E36BE12728C5EF7700270D52 /* VRRoomListCell.swift */,
				E36BE12928C5EF7700270D52 /* VRRoomMenuBarCell.swift */,
				E36BE12A28C5EF7700270D52 /* VRSoundEffectsCell.swift */,
			);
			path = View;
			sourceTree = "<group>";
		};
		E39B68A528C59BDF0083D0F9 /* Compoment */ = {
			isa = PBXGroup;
			children = (
				E36BE0E328C5EA7300270D52 /* AgoraRtcKit */,
			);
			path = Compoment;
			sourceTree = "<group>";
		};
		E39B68A628C59BDF0083D0F9 /* Common */ = {
			isa = PBXGroup;
			children = (
				E36BE0E628C5ECD500270D52 /* Extensions */,
				E36BE0EB28C5ECD500270D52 /* Models */,
				E36BE0EF28C5ECD500270D52 /* Utils */,
				E39B68C128C5A4B40083D0F9 /* Sources */,
				E39B68A728C59BDF0083D0F9 /* Widget */,
				E39B68A828C59BDF0083D0F9 /* Config */,
				E39B68A928C59BDF0083D0F9 /* Network */,
				E39B68AA28C59BDF0083D0F9 /* Third party library */,
				E39B68AB28C59BDF0083D0F9 /* BaseUI */,
				E39B68AC28C59BDF0083D0F9 /* Tool */,
			);
			path = Common;
			sourceTree = "<group>";
		};
		E39B68A728C59BDF0083D0F9 /* Widget */ = {
			isa = PBXGroup;
			children = (
				E39B68BE28C5A45F0083D0F9 /* ChatRoomHeaderView */,
				E39B68AD28C59F750083D0F9 /* MicPosView */,
			);
			path = Widget;
			sourceTree = "<group>";
		};
		E39B68A828C59BDF0083D0F9 /* Config */ = {
			isa = PBXGroup;
			children = (
				E36BE0E128C5E74500270D52 /* AgoraSceneConfig.swift */,
			);
			path = Config;
			sourceTree = "<group>";
		};
		E39B68A928C59BDF0083D0F9 /* Network */ = {
			isa = PBXGroup;
			children = (
				E36BE16628C605F100270D52 /* VoiceRoomRequest.swift */,
			);
			path = Network;
			sourceTree = "<group>";
		};
		E39B68AA28C59BDF0083D0F9 /* Third party library */ = {
			isa = PBXGroup;
			children = (
				E36BE15A28C5FECB00270D52 /* AgoraAiNoiseSuppressionExtension.xcframework */,
				E36BE15C28C5FECB00270D52 /* AgoraAudioBeautyExtension.xcframework */,
				E36BE15F28C5FECB00270D52 /* Agorafdkaac.xcframework */,
				E36BE15B28C5FECB00270D52 /* AgoraRtcKit.xcframework */,
				E36BE15D28C5FECB00270D52 /* AgoraSoundTouch.xcframework */,
				E36BE15E28C5FECB00270D52 /* AgoraSpatialAudioExtension.xcframework */,
			);
			path = "Third party library";
			sourceTree = "<group>";
		};
		E39B68AB28C59BDF0083D0F9 /* BaseUI */ = {
			isa = PBXGroup;
			children = (
			);
			path = BaseUI;
			sourceTree = "<group>";
		};
		E39B68AC28C59BDF0083D0F9 /* Tool */ = {
			isa = PBXGroup;
			children = (
				E39B68C528C5A5200083D0F9 /* SwiftyFitSize.swift */,
			);
			path = Tool;
			sourceTree = "<group>";
		};
		E39B68AD28C59F750083D0F9 /* MicPosView */ = {
			isa = PBXGroup;
			children = (
				E39B68B428C5A41E0083D0F9 /* AgoraChatRoom3DMoveUserView.swift */,
				E39B68B128C5A41E0083D0F9 /* AgoraChatRoom3DRtcView.swift */,
				E39B68B228C5A41E0083D0F9 /* AgoraChatRoom3DUserCollectionViewCell.swift */,
				E39B68AE28C5A41E0083D0F9 /* AgoraChatRoomBaseAlienCollectionViewCell.swift */,
				E39B68B328C5A41E0083D0F9 /* AgoraChatRoomBaseRtcUserView.swift */,
				E39B68B028C5A41E0083D0F9 /* AgoraChatRoomBaseUserCollectionViewCell.swift */,
				E39B68B528C5A41E0083D0F9 /* AgoraChatRoomNormalRtcView.swift */,
				E39B68AF28C5A41E0083D0F9 /* AgoraMicVolView.swift */,
			);
			path = MicPosView;
			sourceTree = "<group>";
		};
		E39B68BE28C5A45F0083D0F9 /* ChatRoomHeaderView */ = {
			isa = PBXGroup;
			children = (
				E39B68BF28C5A4770083D0F9 /* AgoraChatRoomHeaderView.swift */,
			);
			path = ChatRoomHeaderView;
			sourceTree = "<group>";
		};
		E39B68C128C5A4B40083D0F9 /* Sources */ = {
			isa = PBXGroup;
			children = (
				E39B68C428C5A4EA0083D0F9 /* 一个箭头.svga */,
				E39B68C228C5A4D30083D0F9 /* arrow.svga */,
			);
			path = Sources;
			sourceTree = "<group>";
		};
		F1F6608744F40532362EDBC4 /* Pods */ = {
			isa = PBXGroup;
			children = (
				1EB37DBD2D4136E6E32EC97B /* Pods-AgoraScene_iOS.debug.xcconfig */,
				AC63D49D288722B3FA14A117 /* Pods-AgoraScene_iOS.release.xcconfig */,
			);
			path = Pods;
			sourceTree = "<group>";
		};
/* End PBXGroup section */

/* Begin PBXNativeTarget section */
		E39B688328C5948C0083D0F9 /* AgoraScene_iOS */ = {
			isa = PBXNativeTarget;
			buildConfigurationList = E39B689828C5948D0083D0F9 /* Build configuration list for PBXNativeTarget "AgoraScene_iOS" */;
			buildPhases = (
				2ED029508C748CBB94572069 /* [CP] Check Pods Manifest.lock */,
				E39B688028C5948C0083D0F9 /* Sources */,
				E39B688128C5948C0083D0F9 /* Frameworks */,
				E39B688228C5948C0083D0F9 /* Resources */,
				3F7419CC4E20410EE70FBFF2 /* [CP] Embed Pods Frameworks */,
				E36BE17228C6F72100270D52 /* Embed Frameworks */,
			);
			buildRules = (
			);
			dependencies = (
			);
			name = AgoraScene_iOS;
			productName = AgoraScene_iOS;
			productReference = E39B688428C5948C0083D0F9 /* AgoraScene_iOS.app */;
			productType = "com.apple.product-type.application";
		};
/* End PBXNativeTarget section */

/* Begin PBXProject section */
		E39B687C28C5948C0083D0F9 /* Project object */ = {
			isa = PBXProject;
			attributes = {
				BuildIndependentTargetsInParallel = 1;
				LastSwiftUpdateCheck = 1330;
				LastUpgradeCheck = 1330;
				TargetAttributes = {
					E39B688328C5948C0083D0F9 = {
						CreatedOnToolsVersion = 13.3;
					};
				};
			};
			buildConfigurationList = E39B687F28C5948C0083D0F9 /* Build configuration list for PBXProject "AgoraScene_iOS" */;
			compatibilityVersion = "Xcode 13.0";
			developmentRegion = en;
			hasScannedForEncodings = 0;
			knownRegions = (
				en,
				Base,
			);
			mainGroup = E39B687B28C5948C0083D0F9;
			productRefGroup = E39B688528C5948C0083D0F9 /* Products */;
			projectDirPath = "";
			projectRoot = "";
			targets = (
				E39B688328C5948C0083D0F9 /* AgoraScene_iOS */,
			);
		};
/* End PBXProject section */

/* Begin PBXResourcesBuildPhase section */
		E39B688228C5948C0083D0F9 /* Resources */ = {
			isa = PBXResourcesBuildPhase;
			buildActionMask = 2147483647;
			files = (
				E39B689428C5948D0083D0F9 /* LaunchScreen.storyboard in Resources */,
				E39B68C328C5A4D30083D0F9 /* arrow.svga in Resources */,
				E39B689128C5948D0083D0F9 /* Assets.xcassets in Resources */,
			);
			runOnlyForDeploymentPostprocessing = 0;
		};
/* End PBXResourcesBuildPhase section */

/* Begin PBXShellScriptBuildPhase section */
		2ED029508C748CBB94572069 /* [CP] Check Pods Manifest.lock */ = {
			isa = PBXShellScriptBuildPhase;
			buildActionMask = 2147483647;
			files = (
			);
			inputFileListPaths = (
			);
			inputPaths = (
				"${PODS_PODFILE_DIR_PATH}/Podfile.lock",
				"${PODS_ROOT}/Manifest.lock",
			);
			name = "[CP] Check Pods Manifest.lock";
			outputFileListPaths = (
			);
			outputPaths = (
				"$(DERIVED_FILE_DIR)/Pods-AgoraScene_iOS-checkManifestLockResult.txt",
			);
			runOnlyForDeploymentPostprocessing = 0;
			shellPath = /bin/sh;
			shellScript = "diff \"${PODS_PODFILE_DIR_PATH}/Podfile.lock\" \"${PODS_ROOT}/Manifest.lock\" > /dev/null\nif [ $? != 0 ] ; then\n    # print error to STDERR\n    echo \"error: The sandbox is not in sync with the Podfile.lock. Run 'pod install' or update your CocoaPods installation.\" >&2\n    exit 1\nfi\n# This output is used by Xcode 'outputs' to avoid re-running this script phase.\necho \"SUCCESS\" > \"${SCRIPT_OUTPUT_FILE_0}\"\n";
			showEnvVarsInLog = 0;
		};
		3F7419CC4E20410EE70FBFF2 /* [CP] Embed Pods Frameworks */ = {
			isa = PBXShellScriptBuildPhase;
			buildActionMask = 2147483647;
			files = (
			);
			inputFileListPaths = (
				"${PODS_ROOT}/Target Support Files/Pods-AgoraScene_iOS/Pods-AgoraScene_iOS-frameworks-${CONFIGURATION}-input-files.xcfilelist",
			);
			name = "[CP] Embed Pods Frameworks";
			outputFileListPaths = (
				"${PODS_ROOT}/Target Support Files/Pods-AgoraScene_iOS/Pods-AgoraScene_iOS-frameworks-${CONFIGURATION}-output-files.xcfilelist",
			);
			runOnlyForDeploymentPostprocessing = 0;
			shellPath = /bin/sh;
			shellScript = "\"${PODS_ROOT}/Target Support Files/Pods-AgoraScene_iOS/Pods-AgoraScene_iOS-frameworks.sh\"\n";
			showEnvVarsInLog = 0;
		};
/* End PBXShellScriptBuildPhase section */

/* Begin PBXSourcesBuildPhase section */
		E39B688028C5948C0083D0F9 /* Sources */ = {
			isa = PBXSourcesBuildPhase;
			buildActionMask = 2147483647;
			files = (
				E36BE11428C5EE7E00270D52 /* VoiceRoomChatModel.swift in Sources */,
				E36BE11128C5ECD500270D52 /* Notification+Presentation.swift in Sources */,
				E39B68BD28C5A41E0083D0F9 /* AgoraChatRoomNormalRtcView.swift in Sources */,
				E36BE12428C5EF2A00270D52 /* VoiceRoomGiftView.swift in Sources */,
				E36BE10F28C5ECD500270D52 /* VoiceRoomBusinessRequest.swift in Sources */,
				E39B68BC28C5A41E0083D0F9 /* AgoraChatRoom3DMoveUserView.swift in Sources */,
				E39B68B628C5A41E0083D0F9 /* AgoraChatRoomBaseAlienCollectionViewCell.swift in Sources */,
				E36BE10528C5ECD500270D52 /* PresentationController.swift in Sources */,
				E39B68B928C5A41E0083D0F9 /* AgoraChatRoom3DRtcView.swift in Sources */,
				E36BE16728C605F100270D52 /* VoiceRoomRequest.swift in Sources */,
				E36BE10828C5ECD500270D52 /* UIViewController+Presentation.swift in Sources */,
				E39B68BB28C5A41E0083D0F9 /* AgoraChatRoomBaseRtcUserView.swift in Sources */,
				E36BE11528C5EE7E00270D52 /* VoiceRoomGiftEntity.swift in Sources */,
				E36BE15628C5EF9300270D52 /* VRCreateRoomView.swift in Sources */,
				E36BE13628C5EF8400270D52 /* VRSoundEffectsViewController.swift in Sources */,
				E36BE10928C5ECD500270D52 /* PresentationAnimation.swift in Sources */,
				E36BE10D28C5ECD500270D52 /* PresentedViewType.swift in Sources */,
				E36BE10028C5ECD500270D52 /* UIViewToastExtension.swift in Sources */,
				E36BE11A28C5EEE900270D52 /* VoiceRoomGiftCell.swift in Sources */,
				E36BE10C28C5ECD500270D52 /* CrossDissolveAnimation.swift in Sources */,
				E36BE14D28C5EF9300270D52 /* VRCreateRoomInputView.swift in Sources */,
				E36BE10B28C5ECD500270D52 /* CrossZoomAnimation.swift in Sources */,
				E36BE11028C5ECD500270D52 /* PresentationSegue.swift in Sources */,
				E36BE14C28C5EF9300270D52 /* VRVerifyCodeNumberView.swift in Sources */,
				E36BE12D28C5EF7700270D52 /* HorizontalCardCell.swift in Sources */,
				E36BE15528C5EF9300270D52 /* VRRoomListView.swift in Sources */,
				E36BE10A28C5ECD500270D52 /* FlipHorizontalAnimation.swift in Sources */,
				E36BE12B28C5EF7700270D52 /* VRCreateRoomCardCell.swift in Sources */,
				E39B688828C5948C0083D0F9 /* AppDelegate.swift in Sources */,
				E36BE10628C5ECD500270D52 /* LanguageManager.swift in Sources */,
				E36BE0FF28C5ECD500270D52 /* ResourceBundleExtension.swift in Sources */,
				E36BE14E28C5EF9300270D52 /* VRRoomMenuBar.swift in Sources */,
				E36BE14F28C5EF9300270D52 /* VRVerifyCodeTextView.swift in Sources */,
				E36BE10128C5ECD500270D52 /* UIImageBundleExtension.swift in Sources */,
				E36BE15728C5EF9300270D52 /* VRSoundEffectsList.swift in Sources */,
				E39B68B828C5A41E0083D0F9 /* AgoraChatRoomBaseUserCollectionViewCell.swift in Sources */,
				E36BE10728C5ECD500270D52 /* VoiceRoomBusinessApi.swift in Sources */,
				E36BE13928C5EF8400270D52 /* VRBaseViewController.swift in Sources */,
				E36BE0E228C5E74500270D52 /* AgoraSceneConfig.swift in Sources */,
				E36BE10428C5ECD500270D52 /* VRRoomMenuBarEntity.swift in Sources */,
				E36BE15128C5EF9300270D52 /* VRRoomCreateView.swift in Sources */,
				E36BE10E28C5ECD500270D52 /* PresentationEnums.swift in Sources */,
				E36BE12E28C5EF7700270D52 /* VRRoomMenuBarCell.swift in Sources */,
				E36BE18428C7242300270D52 /* VoiceRoomViewController.swift in Sources */,
				E36BE16F28C6EACA00270D52 /* LauchViewController.swift in Sources */,
				E36BE12C28C5EF7700270D52 /* VRRoomListCell.swift in Sources */,
				E39B68BA28C5A41E0083D0F9 /* AgoraChatRoom3DUserCollectionViewCell.swift in Sources */,
				E36BE14928C5EF9300270D52 /* VREmptyView.swift in Sources */,
				E36BE15028C5EF9300270D52 /* VRSoundTypeCard.swift in Sources */,
				E36BE13728C5EF8400270D52 /* VRUserProfileViewController.swift in Sources */,
				E36BE12528C5EF2A00270D52 /* VoiceRoomChatView.swift in Sources */,
				E36BE15328C5EF9300270D52 /* HorizontalCardsView.swift in Sources */,
				E36BE0FE28C5ECD500270D52 /* UIButtonLayoutExtension.swift in Sources */,
				E36BE11B28C5EEE900270D52 /* VoiceRoomChatCell.swift in Sources */,
				E39B68B728C5A41E0083D0F9 /* AgoraMicVolView.swift in Sources */,
				E36BE15228C5EF9300270D52 /* HorizontalCardView.swift in Sources */,
				E36BE10228C5ECD500270D52 /* VRUser.swift in Sources */,
				E36BE15928C5F49600270D52 /* ASRTCKit.swift in Sources */,
				E36BE13828C5EF8400270D52 /* VRCreateRoomViewController.swift in Sources */,
				E36BE13528C5EF8300270D52 /* VRRoomsViewController.swift in Sources */,
				E36BE12F28C5EF7700270D52 /* VRSoundEffectsCell.swift in Sources */,
				E36BE12228C5EF2A00270D52 /* VoiceRoomAlertContainer.swift in Sources */,
				E36BE14A28C5EF9300270D52 /* BaseNavigationView.swift in Sources */,
				E36BE11D28C5EF1700270D52 /* VoiceRoomAlertViewController.swift in Sources */,
				E36BE11928C5EEE900270D52 /* VoiceRoomChatBarCell.swift in Sources */,
				E36BE14B28C5EF9300270D52 /* VRUserInfoView.swift in Sources */,
				E39B68C628C5A5200083D0F9 /* SwiftyFitSize.swift in Sources */,
				E36BE15428C5EF9300270D52 /* VRVerifyCodeView.swift in Sources */,
				E36BE12328C5EF2A00270D52 /* VoiceRoomChatBar.swift in Sources */,
				E39B68C028C5A4770083D0F9 /* AgoraChatRoomHeaderView.swift in Sources */,
				E36BE10328C5ECD500270D52 /* VRRoomEntity.swift in Sources */,
			);
			runOnlyForDeploymentPostprocessing = 0;
		};
/* End PBXSourcesBuildPhase section */

/* Begin PBXVariantGroup section */
		E39B689228C5948D0083D0F9 /* LaunchScreen.storyboard */ = {
			isa = PBXVariantGroup;
			children = (
				E39B689328C5948D0083D0F9 /* Base */,
			);
			name = LaunchScreen.storyboard;
			sourceTree = "<group>";
		};
/* End PBXVariantGroup section */

/* Begin XCBuildConfiguration section */
		E39B689628C5948D0083D0F9 /* Debug */ = {
			isa = XCBuildConfiguration;
			buildSettings = {
				ALWAYS_SEARCH_USER_PATHS = NO;
				CLANG_ANALYZER_NONNULL = YES;
				CLANG_ANALYZER_NUMBER_OBJECT_CONVERSION = YES_AGGRESSIVE;
				CLANG_CXX_LANGUAGE_STANDARD = "gnu++17";
				CLANG_ENABLE_MODULES = YES;
				CLANG_ENABLE_OBJC_ARC = YES;
				CLANG_ENABLE_OBJC_WEAK = YES;
				CLANG_WARN_BLOCK_CAPTURE_AUTORELEASING = YES;
				CLANG_WARN_BOOL_CONVERSION = YES;
				CLANG_WARN_COMMA = YES;
				CLANG_WARN_CONSTANT_CONVERSION = YES;
				CLANG_WARN_DEPRECATED_OBJC_IMPLEMENTATIONS = YES;
				CLANG_WARN_DIRECT_OBJC_ISA_USAGE = YES_ERROR;
				CLANG_WARN_DOCUMENTATION_COMMENTS = YES;
				CLANG_WARN_EMPTY_BODY = YES;
				CLANG_WARN_ENUM_CONVERSION = YES;
				CLANG_WARN_INFINITE_RECURSION = YES;
				CLANG_WARN_INT_CONVERSION = YES;
				CLANG_WARN_NON_LITERAL_NULL_CONVERSION = YES;
				CLANG_WARN_OBJC_IMPLICIT_RETAIN_SELF = YES;
				CLANG_WARN_OBJC_LITERAL_CONVERSION = YES;
				CLANG_WARN_OBJC_ROOT_CLASS = YES_ERROR;
				CLANG_WARN_QUOTED_INCLUDE_IN_FRAMEWORK_HEADER = YES;
				CLANG_WARN_RANGE_LOOP_ANALYSIS = YES;
				CLANG_WARN_STRICT_PROTOTYPES = YES;
				CLANG_WARN_SUSPICIOUS_MOVE = YES;
				CLANG_WARN_UNGUARDED_AVAILABILITY = YES_AGGRESSIVE;
				CLANG_WARN_UNREACHABLE_CODE = YES;
				CLANG_WARN__DUPLICATE_METHOD_MATCH = YES;
				COPY_PHASE_STRIP = NO;
				DEBUG_INFORMATION_FORMAT = dwarf;
				ENABLE_STRICT_OBJC_MSGSEND = YES;
				ENABLE_TESTABILITY = YES;
				GCC_C_LANGUAGE_STANDARD = gnu11;
				GCC_DYNAMIC_NO_PIC = NO;
				GCC_NO_COMMON_BLOCKS = YES;
				GCC_OPTIMIZATION_LEVEL = 0;
				GCC_PREPROCESSOR_DEFINITIONS = (
					"DEBUG=1",
					"$(inherited)",
				);
				GCC_WARN_64_TO_32_BIT_CONVERSION = YES;
				GCC_WARN_ABOUT_RETURN_TYPE = YES_ERROR;
				GCC_WARN_UNDECLARED_SELECTOR = YES;
				GCC_WARN_UNINITIALIZED_AUTOS = YES_AGGRESSIVE;
				GCC_WARN_UNUSED_FUNCTION = YES;
				GCC_WARN_UNUSED_VARIABLE = YES;
				IPHONEOS_DEPLOYMENT_TARGET = 15.4;
				MTL_ENABLE_DEBUG_INFO = INCLUDE_SOURCE;
				MTL_FAST_MATH = YES;
				ONLY_ACTIVE_ARCH = YES;
				SDKROOT = iphoneos;
				SWIFT_ACTIVE_COMPILATION_CONDITIONS = DEBUG;
				SWIFT_OPTIMIZATION_LEVEL = "-Onone";
			};
			name = Debug;
		};
		E39B689728C5948D0083D0F9 /* Release */ = {
			isa = XCBuildConfiguration;
			buildSettings = {
				ALWAYS_SEARCH_USER_PATHS = NO;
				CLANG_ANALYZER_NONNULL = YES;
				CLANG_ANALYZER_NUMBER_OBJECT_CONVERSION = YES_AGGRESSIVE;
				CLANG_CXX_LANGUAGE_STANDARD = "gnu++17";
				CLANG_ENABLE_MODULES = YES;
				CLANG_ENABLE_OBJC_ARC = YES;
				CLANG_ENABLE_OBJC_WEAK = YES;
				CLANG_WARN_BLOCK_CAPTURE_AUTORELEASING = YES;
				CLANG_WARN_BOOL_CONVERSION = YES;
				CLANG_WARN_COMMA = YES;
				CLANG_WARN_CONSTANT_CONVERSION = YES;
				CLANG_WARN_DEPRECATED_OBJC_IMPLEMENTATIONS = YES;
				CLANG_WARN_DIRECT_OBJC_ISA_USAGE = YES_ERROR;
				CLANG_WARN_DOCUMENTATION_COMMENTS = YES;
				CLANG_WARN_EMPTY_BODY = YES;
				CLANG_WARN_ENUM_CONVERSION = YES;
				CLANG_WARN_INFINITE_RECURSION = YES;
				CLANG_WARN_INT_CONVERSION = YES;
				CLANG_WARN_NON_LITERAL_NULL_CONVERSION = YES;
				CLANG_WARN_OBJC_IMPLICIT_RETAIN_SELF = YES;
				CLANG_WARN_OBJC_LITERAL_CONVERSION = YES;
				CLANG_WARN_OBJC_ROOT_CLASS = YES_ERROR;
				CLANG_WARN_QUOTED_INCLUDE_IN_FRAMEWORK_HEADER = YES;
				CLANG_WARN_RANGE_LOOP_ANALYSIS = YES;
				CLANG_WARN_STRICT_PROTOTYPES = YES;
				CLANG_WARN_SUSPICIOUS_MOVE = YES;
				CLANG_WARN_UNGUARDED_AVAILABILITY = YES_AGGRESSIVE;
				CLANG_WARN_UNREACHABLE_CODE = YES;
				CLANG_WARN__DUPLICATE_METHOD_MATCH = YES;
				COPY_PHASE_STRIP = NO;
				DEBUG_INFORMATION_FORMAT = "dwarf-with-dsym";
				ENABLE_NS_ASSERTIONS = NO;
				ENABLE_STRICT_OBJC_MSGSEND = YES;
				GCC_C_LANGUAGE_STANDARD = gnu11;
				GCC_NO_COMMON_BLOCKS = YES;
				GCC_WARN_64_TO_32_BIT_CONVERSION = YES;
				GCC_WARN_ABOUT_RETURN_TYPE = YES_ERROR;
				GCC_WARN_UNDECLARED_SELECTOR = YES;
				GCC_WARN_UNINITIALIZED_AUTOS = YES_AGGRESSIVE;
				GCC_WARN_UNUSED_FUNCTION = YES;
				GCC_WARN_UNUSED_VARIABLE = YES;
				IPHONEOS_DEPLOYMENT_TARGET = 15.4;
				MTL_ENABLE_DEBUG_INFO = NO;
				MTL_FAST_MATH = YES;
				SDKROOT = iphoneos;
				SWIFT_COMPILATION_MODE = wholemodule;
				SWIFT_OPTIMIZATION_LEVEL = "-O";
				VALIDATE_PRODUCT = YES;
			};
			name = Release;
		};
		E39B689928C5948D0083D0F9 /* Debug */ = {
			isa = XCBuildConfiguration;
			baseConfigurationReference = 1EB37DBD2D4136E6E32EC97B /* Pods-AgoraScene_iOS.debug.xcconfig */;
			buildSettings = {
				ASSETCATALOG_COMPILER_APPICON_NAME = AppIcon;
				ASSETCATALOG_COMPILER_GLOBAL_ACCENT_COLOR_NAME = AccentColor;
				CODE_SIGN_STYLE = Automatic;
				CURRENT_PROJECT_VERSION = 1;
				DEVELOPMENT_TEAM = KR58Y29Q42;
				GENERATE_INFOPLIST_FILE = YES;
				INFOPLIST_FILE = AgoraScene_iOS/Info.plist;
				INFOPLIST_KEY_UIApplicationSupportsIndirectInputEvents = YES;
				INFOPLIST_KEY_UILaunchStoryboardName = LaunchScreen;
				INFOPLIST_KEY_UISupportedInterfaceOrientations = UIInterfaceOrientationPortrait;
				INFOPLIST_KEY_UISupportedInterfaceOrientations_iPad = "UIInterfaceOrientationPortrait UIInterfaceOrientationPortraitUpsideDown UIInterfaceOrientationLandscapeLeft UIInterfaceOrientationLandscapeRight";
				INFOPLIST_KEY_UISupportedInterfaceOrientations_iPhone = "UIInterfaceOrientationPortrait UIInterfaceOrientationLandscapeLeft UIInterfaceOrientationLandscapeRight";
				IPHONEOS_DEPLOYMENT_TARGET = 13.0;
				LD_RUNPATH_SEARCH_PATHS = (
					"$(inherited)",
					"@executable_path/Frameworks",
				);
				MARKETING_VERSION = 1.0;
				PRODUCT_BUNDLE_IDENTIFIER = "com.agora.www.AgoraScene-iOS";
				PRODUCT_NAME = "$(TARGET_NAME)";
				SWIFT_EMIT_LOC_STRINGS = YES;
				SWIFT_VERSION = 5.0;
				TARGETED_DEVICE_FAMILY = "1,2";
			};
			name = Debug;
		};
		E39B689A28C5948D0083D0F9 /* Release */ = {
			isa = XCBuildConfiguration;
			baseConfigurationReference = AC63D49D288722B3FA14A117 /* Pods-AgoraScene_iOS.release.xcconfig */;
			buildSettings = {
				ASSETCATALOG_COMPILER_APPICON_NAME = AppIcon;
				ASSETCATALOG_COMPILER_GLOBAL_ACCENT_COLOR_NAME = AccentColor;
				CODE_SIGN_STYLE = Automatic;
				CURRENT_PROJECT_VERSION = 1;
				DEVELOPMENT_TEAM = KR58Y29Q42;
				GENERATE_INFOPLIST_FILE = YES;
				INFOPLIST_FILE = AgoraScene_iOS/Info.plist;
				INFOPLIST_KEY_UIApplicationSupportsIndirectInputEvents = YES;
				INFOPLIST_KEY_UILaunchStoryboardName = LaunchScreen;
				INFOPLIST_KEY_UISupportedInterfaceOrientations = UIInterfaceOrientationPortrait;
				INFOPLIST_KEY_UISupportedInterfaceOrientations_iPad = "UIInterfaceOrientationPortrait UIInterfaceOrientationPortraitUpsideDown UIInterfaceOrientationLandscapeLeft UIInterfaceOrientationLandscapeRight";
				INFOPLIST_KEY_UISupportedInterfaceOrientations_iPhone = "UIInterfaceOrientationPortrait UIInterfaceOrientationLandscapeLeft UIInterfaceOrientationLandscapeRight";
				IPHONEOS_DEPLOYMENT_TARGET = 13.0;
				LD_RUNPATH_SEARCH_PATHS = (
					"$(inherited)",
					"@executable_path/Frameworks",
				);
				MARKETING_VERSION = 1.0;
				PRODUCT_BUNDLE_IDENTIFIER = "com.agora.www.AgoraScene-iOS";
				PRODUCT_NAME = "$(TARGET_NAME)";
				SWIFT_EMIT_LOC_STRINGS = YES;
				SWIFT_VERSION = 5.0;
				TARGETED_DEVICE_FAMILY = "1,2";
			};
			name = Release;
		};
/* End XCBuildConfiguration section */

/* Begin XCConfigurationList section */
		E39B687F28C5948C0083D0F9 /* Build configuration list for PBXProject "AgoraScene_iOS" */ = {
			isa = XCConfigurationList;
			buildConfigurations = (
				E39B689628C5948D0083D0F9 /* Debug */,
				E39B689728C5948D0083D0F9 /* Release */,
			);
			defaultConfigurationIsVisible = 0;
			defaultConfigurationName = Release;
		};
		E39B689828C5948D0083D0F9 /* Build configuration list for PBXNativeTarget "AgoraScene_iOS" */ = {
			isa = XCConfigurationList;
			buildConfigurations = (
				E39B689928C5948D0083D0F9 /* Debug */,
				E39B689A28C5948D0083D0F9 /* Release */,
			);
			defaultConfigurationIsVisible = 0;
			defaultConfigurationName = Release;
		};
/* End XCConfigurationList section */
	};
	rootObject = E39B687C28C5948C0083D0F9 /* Project object */;
}
